
Microsoft Visual Studio Solution File, Format Version 12.00
# Visual Studio 2012
Project("{FAE04EC0-301F-11D3-BF4B-00C04F79EFBC}") = "CodeFirstMVCSchoolMngt", "CodeFirstMVCSchoolMngt\CodeFirstMVCSchoolMngt.csproj", "{6080A647-8862-4AD8-8346-BF69890AEA05}"
EndProject
Project("{FAE04EC0-301F-11D3-BF4B-00C04F79EFBC}") = "DomainClasses", "DomainClasses\DomainClasses.csproj", "{894DEF2C-D091-49E8-8E04-E45DC031E8BE}"
EndProject
Project("{FAE04EC0-301F-11D3-BF4B-00C04F79EFBC}") = "SchoolMngt.SQLDB", "SchoolMngt.SQLDB\SchoolMngt.SQLDB.csproj", "{DA2F649C-FC3A-40A7-9E8D-D485E45C8764}"
EndProject
Global
	GlobalSection(SolutionConfigurationPlatforms) = preSolution
		Debug|Any CPU = Debug|Any CPU
		Release|Any CPU = Release|Any CPU
	EndGlobalSection
	GlobalSection(ProjectConfigurationPlatforms) = postSolution
		{6080A647-8862-4AD8-8346-BF69890AEA05}.Debug|Any CPU.ActiveCfg = Debug|Any CPU
		{6080A647-8862-4AD8-8346-BF69890AEA05}.Debug|Any CPU.Build.0 = Debug|Any CPU
		{6080A647-8862-4AD8-8346-BF69890AEA05}.Release|Any CPU.ActiveCfg = Release|Any CPU
		{6080A647-8862-4AD8-8346-BF69890AEA05}.Release|Any CPU.Build.0 = Release|Any CPU
		{894DEF2C-D091-49E8-8E04-E45DC031E8BE}.Debug|Any CPU.ActiveCfg = Debug|Any CPU
		{894DEF2C-D091-49E8-8E04-E45DC031E8BE}.Debug|Any CPU.Build.0 = Debug|Any CPU
		{894DEF2C-D091-49E8-8E04-E45DC031E8BE}.Release|Any CPU.ActiveCfg = Release|Any CPU
		{894DEF2C-D091-49E8-8E04-E45DC031E8BE}.Release|Any CPU.Build.0 = Release|Any CPU
		{DA2F649C-FC3A-40A7-9E8D-D485E45C8764}.Debug|Any CPU.ActiveCfg = Debug|Any CPU
		{DA2F649C-FC3A-40A7-9E8D-D485E45C8764}.Debug|Any CPU.Build.0 = Debug|Any CPU
		{DA2F649C-FC3A-40A7-9E8D-D485E45C8764}.Release|Any CPU.ActiveCfg = Release|Any CPU
		{DA2F649C-FC3A-40A7-9E8D-D485E45C8764}.Release|Any CPU.Build.0 = Release|Any CPU
	EndGlobalSection
	GlobalSection(SolutionProperties) = preSolution
		HideSolutionNode = FALSE
	EndGlobalSection
EndGlobal
